
Microsoft Visual Studio Solution File, Format Version 12.00
# Visual Studio Version 17
VisualStudioVersion = 17.5.33627.172
MinimumVisualStudioVersion = 10.0.40219.1
Project("{FAE04EC0-301F-11D3-BF4B-00C04F79EFBC}") = "TeknikServis", "TeknikServis\TeknikServis.csproj", "{552F0FA9-8F49-4D73-A7EF-8EF7E10780F4}"
EndProject
Global
	GlobalSection(SolutionConfigurationPlatforms) = preSolution
		Debug|Any CPU = Debug|Any CPU
		Release|Any CPU = Release|Any CPU
	EndGlobalSection
	GlobalSection(ProjectConfigurationPlatforms) = postSolution
		{552F0FA9-8F49-4D73-A7EF-8EF7E10780F4}.Debug|Any CPU.ActiveCfg = Debug|Any CPU
		{552F0FA9-8F49-4D73-A7EF-8EF7E10780F4}.Debug|Any CPU.Build.0 = Debug|Any CPU
		{552F0FA9-8F49-4D73-A7EF-8EF7E10780F4}.Release|Any CPU.ActiveCfg = Release|Any CPU
		{552F0FA9-8F49-4D73-A7EF-8EF7E10780F4}.Release|Any CPU.Build.0 = Release|Any CPU
	EndGlobalSection
	GlobalSection(SolutionProperties) = preSolution
		HideSolutionNode = FALSE
	EndGlobalSection
	GlobalSection(ExtensibilityGlobals) = postSolution
		SolutionGuid = {B5C64200-5885-426C-95F6-D53C52B32DD2}
	EndGlobalSection
EndGlobal
